
Microsoft Visual Studio Solution File, Format Version 12.00
# Visual Studio Version 17
VisualStudioVersion = 17.5.33414.496
MinimumVisualStudioVersion = 10.0.40219.1
Project("{FAE04EC0-301F-11D3-BF4B-00C04F79EFBC}") = "UP", "UP\UP.csproj", "{CFA9C725-7B81-4EFB-A463-0AA929806557}"
EndProject
Project("{FAE04EC0-301F-11D3-BF4B-00C04F79EFBC}") = "UnitTestProject1", "UnitTestProject1\UnitTestProject1.csproj", "{00C847CE-D12D-42F1-A31B-ACF3204E076E}"
EndProject
Global
	GlobalSection(SolutionConfigurationPlatforms) = preSolution
		Debug|Any CPU = Debug|Any CPU
		Release|Any CPU = Release|Any CPU
	EndGlobalSection
	GlobalSection(ProjectConfigurationPlatforms) = postSolution
		{CFA9C725-7B81-4EFB-A463-0AA929806557}.Debug|Any CPU.ActiveCfg = Debug|Any CPU
		{CFA9C725-7B81-4EFB-A463-0AA929806557}.Debug|Any CPU.Build.0 = Debug|Any CPU
		{CFA9C725-7B81-4EFB-A463-0AA929806557}.Release|Any CPU.ActiveCfg = Release|Any CPU
		{CFA9C725-7B81-4EFB-A463-0AA929806557}.Release|Any CPU.Build.0 = Release|Any CPU
		{00C847CE-D12D-42F1-A31B-ACF3204E076E}.Debug|Any CPU.ActiveCfg = Debug|Any CPU
		{00C847CE-D12D-42F1-A31B-ACF3204E076E}.Debug|Any CPU.Build.0 = Debug|Any CPU
		{00C847CE-D12D-42F1-A31B-ACF3204E076E}.Release|Any CPU.ActiveCfg = Release|Any CPU
		{00C847CE-D12D-42F1-A31B-ACF3204E076E}.Release|Any CPU.Build.0 = Release|Any CPU
	EndGlobalSection
	GlobalSection(SolutionProperties) = preSolution
		HideSolutionNode = FALSE
	EndGlobalSection
	GlobalSection(ExtensibilityGlobals) = postSolution
		SolutionGuid = {756044E6-70D5-48FC-8F21-C1AC06318BF7}
	EndGlobalSection
EndGlobal
